
Microsoft Visual Studio Solution File, Format Version 12.00
# Visual Studio Version 17
VisualStudioVersion = 17.10.34928.147
MinimumVisualStudioVersion = 10.0.40219.1
Project("{FAE04EC0-301F-11D3-BF4B-00C04F79EFBC}") = "Final_Project_Backend", "Final_Project_Backend\Final_Project_Backend.csproj", "{9C579696-4BEE-43F0-8CB9-77148E6828DD}"
EndProject
Global
	GlobalSection(SolutionConfigurationPlatforms) = preSolution
		Debug|Any CPU = Debug|Any CPU
		Release|Any CPU = Release|Any CPU
	EndGlobalSection
	GlobalSection(ProjectConfigurationPlatforms) = postSolution
		{9C579696-4BEE-43F0-8CB9-77148E6828DD}.Debug|Any CPU.ActiveCfg = Debug|Any CPU
		{9C579696-4BEE-43F0-8CB9-77148E6828DD}.Debug|Any CPU.Build.0 = Debug|Any CPU
		{9C579696-4BEE-43F0-8CB9-77148E6828DD}.Release|Any CPU.ActiveCfg = Release|Any CPU
		{9C579696-4BEE-43F0-8CB9-77148E6828DD}.Release|Any CPU.Build.0 = Release|Any CPU
	EndGlobalSection
	GlobalSection(SolutionProperties) = preSolution
		HideSolutionNode = FALSE
	EndGlobalSection
	GlobalSection(ExtensibilityGlobals) = postSolution
		SolutionGuid = {F5A712C7-3EFA-4A29-BE44-73A8E2E7D738}
	EndGlobalSection
EndGlobal
